// !$*UTF8*$!
{
	archiveVersion = 1;
	classes = {
	};
	objectVersion = 50;
	objects = {

/* Begin PBXBuildFile section */
		69FB753925A2835100C65935 /* SwiftUICalcApp.swift in Sources */ = {isa = PBXBuildFile; fileRef = 69FB752625A2834F00C65935 /* SwiftUICalcApp.swift */; };
		69FB753A25A2835100C65935 /* SwiftUICalcApp.swift in Sources */ = {isa = PBXBuildFile; fileRef = 69FB752625A2834F00C65935 /* SwiftUICalcApp.swift */; };
		69FB753B25A2835100C65935 /* ContentView.swift in Sources */ = {isa = PBXBuildFile; fileRef = 69FB752725A2834F00C65935 /* ContentView.swift */; };
		69FB753C25A2835100C65935 /* ContentView.swift in Sources */ = {isa = PBXBuildFile; fileRef = 69FB752725A2834F00C65935 /* ContentView.swift */; };
		69FB753D25A2835100C65935 /* Assets.xcassets in Resources */ = {isa = PBXBuildFile; fileRef = 69FB752825A2835100C65935 /* Assets.xcassets */; };
		69FB753E25A2835100C65935 /* Assets.xcassets in Resources */ = {isa = PBXBuildFile; fileRef = 69FB752825A2835100C65935 /* Assets.xcassets */; };
/* End PBXBuildFile section */

/* Begin PBXFileReference section */
		69FB752625A2834F00C65935 /* SwiftUICalcApp.swift */ = {isa = PBXFileReference; lastKnownFileType = sourcecode.swift; path = SwiftUICalcApp.swift; sourceTree = "<group>"; };
		69FB752725A2834F00C65935 /* ContentView.swift */ = {isa = PBXFileReference; lastKnownFileType = sourcecode.swift; path = ContentView.swift; sourceTree = "<group>"; };
		69FB752825A2835100C65935 /* Assets.xcassets */ = {isa = PBXFileReference; lastKnownFileType = folder.assetcatalog; path = Assets.xcassets; sourceTree = "<group>"; };
		69FB752D25A2835100C65935 /* SwiftUICalc.app */ = {isa = PBXFileReference; explicitFileType = wrapper.application; includeInIndex = 0; path = SwiftUICalc.app; sourceTree = BUILT_PRODUCTS_DIR; };
		69FB753025A2835100C65935 /* Info.plist */ = {isa = PBXFileReference; lastKnownFileType = text.plist.xml; path = Info.plist; sourceTree = "<group>"; };
		69FB753525A2835100C65935 /* SwiftUICalc.app */ = {isa = PBXFileReference; explicitFileType = wrapper.application; includeInIndex = 0; path = SwiftUICalc.app; sourceTree = BUILT_PRODUCTS_DIR; };
		69FB753725A2835100C65935 /* Info.plist */ = {isa = PBXFileReference; lastKnownFileType = text.plist.xml; path = Info.plist; sourceTree = "<group>"; };
		69FB753825A2835100C65935 /* macOS.entitlements */ = {isa = PBXFileReference; lastKnownFileType = text.plist.entitlements; path = macOS.entitlements; sourceTree = "<group>"; };
/* End PBXFileReference section */

/* Begin PBXFrameworksBuildPhase section */
		69FB752A25A2835100C65935 /* Frameworks */ = {
			isa = PBXFrameworksBuildPhase;
			buildActionMask = 2147483647;
			files = (
			);
			runOnlyForDeploymentPostprocessing = 0;
		};
		69FB753225A2835100C65935 /* Frameworks */ = {
			isa = PBXFrameworksBuildPhase;
			buildActionMask = 2147483647;
			files = (
			);
			runOnlyForDeploymentPostprocessing = 0;
		};
/* End PBXFrameworksBuildPhase section */

/* Begin PBXGroup section */
		69FB752025A2834F00C65935 = {
			isa = PBXGroup;
			children = (
				69FB752525A2834F00C65935 /* Shared */,
				69FB752F25A2835100C65935 /* iOS */,
				69FB753625A2835100C65935 /* macOS */,
				69FB752E25A2835100C65935 /* Products */,
			);
			sourceTree = "<group>";
		};
		69FB752525A2834F00C65935 /* Shared */ = {
			isa = PBXGroup;
			children = (
				69FB752625A2834F00C65935 /* SwiftUICalcApp.swift */,
				69FB752725A2834F00C65935 /* ContentView.swift */,
				69FB752825A2835100C65935 /* Assets.xcassets */,
			);
			path = Shared;
			sourceTree = "<group>";
		};
		69FB752E25A2835100C65935 /* Products */ = {
			isa = PBXGroup;
			children = (
				69FB752D25A2835100C65935 /* SwiftUICalc.app */,
				69FB753525A2835100C65935 /* SwiftUICalc.app */,
			);
			name = Products;
			sourceTree = "<group>";
		};
		69FB752F25A2835100C65935 /* iOS */ = {
			isa = PBXGroup;
			children = (
				69FB753025A2835100C65935 /* Info.plist */,
			);
			path = iOS;
			sourceTree = "<group>";
		};
		69FB753625A2835100C65935 /* macOS */ = {
			isa = PBXGroup;
			children = (
				69FB753725A2835100C65935 /* Info.plist */,
				69FB753825A2835100C65935 /* macOS.entitlements */,
			);
			path = macOS;
			sourceTree = "<group>";
		};
/* End PBXGroup section */

/* Begin PBXNativeTarget section */
		69FB752C25A2835100C65935 /* SwiftUICalc (iOS) */ = {
			isa = PBXNativeTarget;
			buildConfigurationList = 69FB754125A2835100C65935 /* Build configuration list for PBXNativeTarget "SwiftUICalc (iOS)" */;
			buildPhases = (
				69FB752925A2835100C65935 /* Sources */,
				69FB752A25A2835100C65935 /* Frameworks */,
				69FB752B25A2835100C65935 /* Resources */,
			);
			buildRules = (
			);
			dependencies = (
			);
			name = "SwiftUICalc (iOS)";
			productName = "SwiftUICalc (iOS)";
			productReference = 69FB752D25A2835100C65935 /* SwiftUICalc.app */;
			productType = "com.apple.product-type.application";
		};
		69FB753425A2835100C65935 /* SwiftUICalc (macOS) */ = {
			isa = PBXNativeTarget;
			buildConfigurationList = 69FB754425A2835100C65935 /* Build configuration list for PBXNativeTarget "SwiftUICalc (macOS)" */;
			buildPhases = (
				69FB753125A2835100C65935 /* Sources */,
				69FB753225A2835100C65935 /* Frameworks */,
				69FB753325A2835100C65935 /* Resources */,
			);
			buildRules = (
			);
			dependencies = (
			);
			name = "SwiftUICalc (macOS)";
			productName = "SwiftUICalc (macOS)";
			productReference = 69FB753525A2835100C65935 /* SwiftUICalc.app */;
			productType = "com.apple.product-type.application";
		};
/* End PBXNativeTarget section */

/* Begin PBXProject section */
		69FB752125A2834F00C65935 /* Project object */ = {
			isa = PBXProject;
			attributes = {
				LastSwiftUpdateCheck = 1230;
				LastUpgradeCheck = 1230;
				TargetAttributes = {
					69FB752C25A2835100C65935 = {
						CreatedOnToolsVersion = 12.3;
					};
					69FB753425A2835100C65935 = {
						CreatedOnToolsVersion = 12.3;
					};
				};
			};
			buildConfigurationList = 69FB752425A2834F00C65935 /* Build configuration list for PBXProject "SwiftUICalc" */;
			compatibilityVersion = "Xcode 9.3";
			developmentRegion = en;
			hasScannedForEncodings = 0;
			knownRegions = (
				en,
				Base,
			);
			mainGroup = 69FB752025A2834F00C65935;
			productRefGroup = 69FB752E25A2835100C65935 /* Products */;
			projectDirPath = "";
			projectRoot = "";
			targets = (
				69FB752C25A2835100C65935 /* SwiftUICalc (iOS) */,
				69FB753425A2835100C65935 /* SwiftUICalc (macOS) */,
			);
		};
/* End PBXProject section */

/* Begin PBXResourcesBuildPhase section */
		69FB752B25A2835100C65935 /* Resources */ = {
			isa = PBXResourcesBuildPhase;
			buildActionMask = 2147483647;
			files = (
				69FB753D25A2835100C65935 /* Assets.xcassets in Resources */,
			);
			runOnlyForDeploymentPostprocessing = 0;
		};
		69FB753325A2835100C65935 /* Resources */ = {
			isa = PBXResourcesBuildPhase;
			buildActionMask = 2147483647;
			files = (
				69FB753E25A2835100C65935 /* Assets.xcassets in Resources */,
			);
			runOnlyForDeploymentPostprocessing = 0;
		};
/* End PBXResourcesBuildPhase section */

/* Begin PBXSourcesBuildPhase section */
		69FB752925A2835100C65935 /* Sources */ = {
			isa = PBXSourcesBuildPhase;
			buildActionMask = 2147483647;
			files = (
				69FB753B25A2835100C65935 /* ContentView.swift in Sources */,
				69FB753925A2835100C65935 /* SwiftUICalcApp.swift in Sources */,
			);
			runOnlyForDeploymentPostprocessing = 0;
		};
		69FB753125A2835100C65935 /* Sources */ = {
			isa = PBXSourcesBuildPhase;
			buildActionMask = 2147483647;
			files = (
				69FB753C25A2835100C65935 /* ContentView.swift in Sources */,
				69FB753A25A2835100C65935 /* SwiftUICalcApp.swift in Sources */,
			);
			runOnlyForDeploymentPostprocessing = 0;
		};
/* End PBXSourcesBuildPhase section */

/* Begin XCBuildConfiguration section */
		69FB753F25A2835100C65935 /* Debug */ = {
			isa = XCBuildConfiguration;
			buildSettings = {
				ALWAYS_SEARCH_USER_PATHS = NO;
				CLANG_ANALYZER_NONNULL = YES;
				CLANG_ANALYZER_NUMBER_OBJECT_CONVERSION = YES_AGGRESSIVE;
				CLANG_CXX_LANGUAGE_STANDARD = "gnu++14";
				CLANG_CXX_LIBRARY = "libc++";
				CLANG_ENABLE_MODULES = YES;
				CLANG_ENABLE_OBJC_ARC = YES;
				CLANG_ENABLE_OBJC_WEAK = YES;
				CLANG_WARN_BLOCK_CAPTURE_AUTORELEASING = YES;
				CLANG_WARN_BOOL_CONVERSION = YES;
				CLANG_WARN_COMMA = YES;
				CLANG_WARN_CONSTANT_CONVERSION = YES;
				CLANG_WARN_DEPRECATED_OBJC_IMPLEMENTATIONS = YES;
				CLANG_WARN_DIRECT_OBJC_ISA_USAGE = YES_ERROR;
				CLANG_WARN_DOCUMENTATION_COMMENTS = YES;
				CLANG_WARN_EMPTY_BODY = YES;
				CLANG_WARN_ENUM_CONVERSION = YES;
				CLANG_WARN_INFINITE_RECURSION = YES;
				CLANG_WARN_INT_CONVERSION = YES;
				CLANG_WARN_NON_LITERAL_NULL_CONVERSION = YES;
				CLANG_WARN_OBJC_IMPLICIT_RETAIN_SELF = YES;
				CLANG_WARN_OBJC_LITERAL_CONVERSION = YES;
				CLANG_WARN_OBJC_ROOT_CLASS = YES_ERROR;
				CLANG_WARN_QUOTED_INCLUDE_IN_FRAMEWORK_HEADER = YES;
				CLANG_WARN_RANGE_LOOP_ANALYSIS = YES;
				CLANG_WARN_STRICT_PROTOTYPES = YES;
				CLANG_WARN_SUSPICIOUS_MOVE = YES;
				CLANG_WARN_UNGUARDED_AVAILABILITY = YES_AGGRESSIVE;
				CLANG_WARN_UNREACHABLE_CODE = YES;
				CLANG_WARN__DUPLICATE_METHOD_MATCH = YES;
				COPY_PHASE_STRIP = NO;
				DEBUG_INFORMATION_FORMAT = dwarf;
				ENABLE_STRICT_OBJC_MSGSEND = YES;
				ENABLE_TESTABILITY = YES;
				GCC_C_LANGUAGE_STANDARD = gnu11;
				GCC_DYNAMIC_NO_PIC = NO;
				GCC_NO_COMMON_BLOCKS = YES;
				GCC_OPTIMIZATION_LEVEL = 0;
				GCC_PREPROCESSOR_DEFINITIONS = (
					"DEBUG=1",
					"$(inherited)",
				);
				GCC_WARN_64_TO_32_BIT_CONVERSION = YES;
				GCC_WARN_ABOUT_RETURN_TYPE = YES_ERROR;
				GCC_WARN_UNDECLARED_SELECTOR = YES;
				GCC_WARN_UNINITIALIZED_AUTOS = YES_AGGRESSIVE;
				GCC_WARN_UNUSED_FUNCTION = YES;
				GCC_WARN_UNUSED_VARIABLE = YES;
				MTL_ENABLE_DEBUG_INFO = INCLUDE_SOURCE;
				MTL_FAST_MATH = YES;
				ONLY_ACTIVE_ARCH = YES;
				SWIFT_ACTIVE_COMPILATION_CONDITIONS = DEBUG;
				SWIFT_OPTIMIZATION_LEVEL = "-Onone";
			};
			name = Debug;
		};
		69FB754025A2835100C65935 /* Release */ = {
			isa = XCBuildConfiguration;
			buildSettings = {
				ALWAYS_SEARCH_USER_PATHS = NO;
				CLANG_ANALYZER_NONNULL = YES;
				CLANG_ANALYZER_NUMBER_OBJECT_CONVERSION = YES_AGGRESSIVE;
				CLANG_CXX_LANGUAGE_STANDARD = "gnu++14";
				CLANG_CXX_LIBRARY = "libc++";
				CLANG_ENABLE_MODULES = YES;
				CLANG_ENABLE_OBJC_ARC = YES;
				CLANG_ENABLE_OBJC_WEAK = YES;
				CLANG_WARN_BLOCK_CAPTURE_AUTORELEASING = YES;
				CLANG_WARN_BOOL_CONVERSION = YES;
				CLANG_WARN_COMMA = YES;
				CLANG_WARN_CONSTANT_CONVERSION = YES;
				CLANG_WARN_DEPRECATED_OBJC_IMPLEMENTATIONS = YES;
				CLANG_WARN_DIRECT_OBJC_ISA_USAGE = YES_ERROR;
				CLANG_WARN_DOCUMENTATION_COMMENTS = YES;
				CLANG_WARN_EMPTY_BODY = YES;
				CLANG_WARN_ENUM_CONVERSION = YES;
				CLANG_WARN_INFINITE_RECURSION = YES;
				CLANG_WARN_INT_CONVERSION = YES;
				CLANG_WARN_NON_LITERAL_NULL_CONVERSION = YES;
				CLANG_WARN_OBJC_IMPLICIT_RETAIN_SELF = YES;
				CLANG_WARN_OBJC_LITERAL_CONVERSION = YES;
				CLANG_WARN_OBJC_ROOT_CLASS = YES_ERROR;
				CLANG_WARN_QUOTED_INCLUDE_IN_FRAMEWORK_HEADER = YES;
				CLANG_WARN_RANGE_LOOP_ANALYSIS = YES;
				CLANG_WARN_STRICT_PROTOTYPES = YES;
				CLANG_WARN_SUSPICIOUS_MOVE = YES;
				CLANG_WARN_UNGUARDED_AVAILABILITY = YES_AGGRESSIVE;
				CLANG_WARN_UNREACHABLE_CODE = YES;
				CLANG_WARN__DUPLICATE_METHOD_MATCH = YES;
				COPY_PHASE_STRIP = NO;
				DEBUG_INFORMATION_FORMAT = "dwarf-with-dsym";
				ENABLE_NS_ASSERTIONS = NO;
				ENABLE_STRICT_OBJC_MSGSEND = YES;
				GCC_C_LANGUAGE_STANDARD = gnu11;
				GCC_NO_COMMON_BLOCKS = YES;
				GCC_WARN_64_TO_32_BIT_CONVERSION = YES;
				GCC_WARN_ABOUT_RETURN_TYPE = YES_ERROR;
				GCC_WARN_UNDECLARED_SELECTOR = YES;
				GCC_WARN_UNINITIALIZED_AUTOS = YES_AGGRESSIVE;
				GCC_WARN_UNUSED_FUNCTION = YES;
				GCC_WARN_UNUSED_VARIABLE = YES;
				MTL_ENABLE_DEBUG_INFO = NO;
				MTL_FAST_MATH = YES;
				SWIFT_COMPILATION_MODE = wholemodule;
				SWIFT_OPTIMIZATION_LEVEL = "-O";
			};
			name = Release;
		};
		69FB754225A2835100C65935 /* Debug */ = {
			isa = XCBuildConfiguration;
			buildSettings = {
				ASSETCATALOG_COMPILER_APPICON_NAME = AppIcon;
				ASSETCATALOG_COMPILER_GLOBAL_ACCENT_COLOR_NAME = AccentColor;
				CODE_SIGN_STYLE = Automatic;
				DEVELOPMENT_TEAM = A2TF2C92PA;
				ENABLE_PREVIEWS = YES;
				INFOPLIST_FILE = iOS/Info.plist;
				IPHONEOS_DEPLOYMENT_TARGET = 14.0;
				LD_RUNPATH_SEARCH_PATHS = (
					"$(inherited)",
					"@executable_path/Frameworks",
				);
				PRODUCT_BUNDLE_IDENTIFIER = fukuno.jig.jp.SwiftUICalc;
				PRODUCT_NAME = SwiftUICalc;
				SDKROOT = iphoneos;
				SWIFT_VERSION = 5.0;
				TARGETED_DEVICE_FAMILY = "1,2";
			};
			name = Debug;
		};
		69FB754325A2835100C65935 /* Release */ = {
			isa = XCBuildConfiguration;
			buildSettings = {
				ASSETCATALOG_COMPILER_APPICON_NAME = AppIcon;
				ASSETCATALOG_COMPILER_GLOBAL_ACCENT_COLOR_NAME = AccentColor;
				CODE_SIGN_STYLE = Automatic;
				DEVELOPMENT_TEAM = A2TF2C92PA;
				ENABLE_PREVIEWS = YES;
				INFOPLIST_FILE = iOS/Info.plist;
				IPHONEOS_DEPLOYMENT_TARGET = 14.0;
				LD_RUNPATH_SEARCH_PATHS = (
					"$(inherited)",
					"@executable_path/Frameworks",
				);
				PRODUCT_BUNDLE_IDENTIFIER = fukuno.jig.jp.SwiftUICalc;
				PRODUCT_NAME = SwiftUICalc;
				SDKROOT = iphoneos;
				SWIFT_VERSION = 5.0;
				TARGETED_DEVICE_FAMILY = "1,2";
				VALIDATE_PRODUCT = YES;
			};
			name = Release;
		};
		69FB754525A2835100C65935 /* Debug */ = {
			isa = XCBuildConfiguration;
			buildSettings = {
				ASSETCATALOG_COMPILER_APPICON_NAME = AppIcon;
				ASSETCATALOG_COMPILER_GLOBAL_ACCENT_COLOR_NAME = AccentColor;
				CODE_SIGN_ENTITLEMENTS = macOS/macOS.entitlements;
				CODE_SIGN_STYLE = Automatic;
				COMBINE_HIDPI_IMAGES = YES;
				DEVELOPMENT_TEAM = A2TF2C92PA;
				ENABLE_HARDENED_RUNTIME = YES;
				ENABLE_PREVIEWS = YES;
				INFOPLIST_FILE = macOS/Info.plist;
				LD_RUNPATH_SEARCH_PATHS = (
					"$(inherited)",
					"@executable_path/../Frameworks",
				);
				MACOSX_DEPLOYMENT_TARGET = 11.0;
				PRODUCT_BUNDLE_IDENTIFIER = fukuno.jig.jp.SwiftUICalc;
				PRODUCT_NAME = SwiftUICalc;
				SDKROOT = macosx;
				SWIFT_VERSION = 5.0;
			};
			name = Debug;
		};
		69FB754625A2835100C65935 /* Release */ = {
			isa = XCBuildConfiguration;
			buildSettings = {
				ASSETCATALOG_COMPILER_APPICON_NAME = AppIcon;
				ASSETCATALOG_COMPILER_GLOBAL_ACCENT_COLOR_NAME = AccentColor;
				CODE_SIGN_ENTITLEMENTS = macOS/macOS.entitlements;
				CODE_SIGN_STYLE = Automatic;
				COMBINE_HIDPI_IMAGES = YES;
				DEVELOPMENT_TEAM = A2TF2C92PA;
				ENABLE_HARDENED_RUNTIME = YES;
				ENABLE_PREVIEWS = YES;
				INFOPLIST_FILE = macOS/Info.plist;
				LD_RUNPATH_SEARCH_PATHS = (
					"$(inherited)",
					"@executable_path/../Frameworks",
				);
				MACOSX_DEPLOYMENT_TARGET = 11.0;
				PRODUCT_BUNDLE_IDENTIFIER = fukuno.jig.jp.SwiftUICalc;
				PRODUCT_NAME = SwiftUICalc;
				SDKROOT = macosx;
				SWIFT_VERSION = 5.0;
			};
			name = Release;
		};
/* End XCBuildConfiguration section */

/* Begin XCConfigurationList section */
		69FB752425A2834F00C65935 /* Build configuration list for PBXProject "SwiftUICalc" */ = {
			isa = XCConfigurationList;
			buildConfigurations = (
				69FB753F25A2835100C65935 /* Debug */,
				69FB754025A2835100C65935 /* Release */,
			);
			defaultConfigurationIsVisible = 0;
			defaultConfigurationName = Release;
		};
		69FB754125A2835100C65935 /* Build configuration list for PBXNativeTarget "SwiftUICalc (iOS)" */ = {
			isa = XCConfigurationList;
			buildConfigurations = (
				69FB754225A2835100C65935 /* Debug */,
				69FB754325A2835100C65935 /* Release */,
			);
			defaultConfigurationIsVisible = 0;
			defaultConfigurationName = Release;
		};
		69FB754425A2835100C65935 /* Build configuration list for PBXNativeTarget "SwiftUICalc (macOS)" */ = {
			isa = XCConfigurationList;
			buildConfigurations = (
				69FB754525A2835100C65935 /* Debug */,
				69FB754625A2835100C65935 /* Release */,
			);
			defaultConfigurationIsVisible = 0;
			defaultConfigurationName = Release;
		};
/* End XCConfigurationList section */
	};
	rootObject = 69FB752125A2834F00C65935 /* Project object */;
}
